// !$*UTF8*$!
{
	archiveVersion = 1;
	classes = {
	};
	objectVersion = 46;
	objects = {

/* Begin PBXBuildFile section */
		73C80B0DFA1A94B21ACD7F57 /* libPods.a in Frameworks */ = {isa = PBXBuildFile; fileRef = C893C683849B8CD63A22F7DE /* libPods.a */; };
		DAB8890C1A2518BB00A7154E /* main.m in Sources */ = {isa = PBXBuildFile; fileRef = DAB8890B1A2518BB00A7154E /* main.m */; };
		DAB8890F1A2518BB00A7154E /* AppDelegate.m in Sources */ = {isa = PBXBuildFile; fileRef = DAB8890E1A2518BB00A7154E /* AppDelegate.m */; };
		DAB889121A2518BB00A7154E /* ViewController.m in Sources */ = {isa = PBXBuildFile; fileRef = DAB889111A2518BB00A7154E /* ViewController.m */; };
		DAB889151A2518BB00A7154E /* Main.storyboard in Resources */ = {isa = PBXBuildFile; fileRef = DAB889131A2518BB00A7154E /* Main.storyboard */; };
		DAB889171A2518BB00A7154E /* Images.xcassets in Resources */ = {isa = PBXBuildFile; fileRef = DAB889161A2518BB00A7154E /* Images.xcassets */; };
		DAB8891A1A2518BB00A7154E /* LaunchScreen.xib in Resources */ = {isa = PBXBuildFile; fileRef = DAB889181A2518BB00A7154E /* LaunchScreen.xib */; };
		DAB889311A251A8F00A7154E /* GalleryController.m in Sources */ = {isa = PBXBuildFile; fileRef = DAB889301A251A8F00A7154E /* GalleryController.m */; };
		DAB889341A251ABA00A7154E /* Router.m in Sources */ = {isa = PBXBuildFile; fileRef = DAB889331A251ABA00A7154E /* Router.m */; };
		DAB889371A251EB900A7154E /* NavigationController.m in Sources */ = {isa = PBXBuildFile; fileRef = DAB889361A251EB900A7154E /* NavigationController.m */; };
		DAB889391A25206400A7154E /* PFRegalTextPro-RegularB_35471.ttf in Resources */ = {isa = PBXBuildFile; fileRef = DAB889381A25206400A7154E /* PFRegalTextPro-RegularB_35471.ttf */; };
		DAB8893C1A2520EE00A7154E /* UIFont+MeduzaFonts.m in Sources */ = {isa = PBXBuildFile; fileRef = DAB8893B1A2520EE00A7154E /* UIFont+MeduzaFonts.m */; };
		DAB8894C1A2536AA00A7154E /* ZoomableImageView.m in Sources */ = {isa = PBXBuildFile; fileRef = DAB8894B1A2536AA00A7154E /* ZoomableImageView.m */; };
		DAB8894F1A2536FA00A7154E /* ZoomableScrollView.m in Sources */ = {isa = PBXBuildFile; fileRef = DAB8894E1A2536FA00A7154E /* ZoomableScrollView.m */; };
		DAB889531A26E6FD00A7154E /* ZoomableImageView.xib in Resources */ = {isa = PBXBuildFile; fileRef = DAB889521A26E6FD00A7154E /* ZoomableImageView.xib */; };
/* End PBXBuildFile section */

/* Begin PBXFileReference section */
		6DD0D775A3367A47BA5536FF /* Pods.debug.xcconfig */ = {isa = PBXFileReference; includeInIndex = 1; lastKnownFileType = text.xcconfig; name = Pods.debug.xcconfig; path = "Pods/Target Support Files/Pods/Pods.debug.xcconfig"; sourceTree = "<group>"; };
		A38414955B457F85B05E6629 /* Pods.release.xcconfig */ = {isa = PBXFileReference; includeInIndex = 1; lastKnownFileType = text.xcconfig; name = Pods.release.xcconfig; path = "Pods/Target Support Files/Pods/Pods.release.xcconfig"; sourceTree = "<group>"; };
		C893C683849B8CD63A22F7DE /* libPods.a */ = {isa = PBXFileReference; explicitFileType = archive.ar; includeInIndex = 0; path = libPods.a; sourceTree = BUILT_PRODUCTS_DIR; };
		DAB889061A2518BB00A7154E /* PhotoGallery.app */ = {isa = PBXFileReference; explicitFileType = wrapper.application; includeInIndex = 0; path = PhotoGallery.app; sourceTree = BUILT_PRODUCTS_DIR; };
		DAB8890A1A2518BB00A7154E /* Info.plist */ = {isa = PBXFileReference; lastKnownFileType = text.plist.xml; path = Info.plist; sourceTree = "<group>"; };
		DAB8890B1A2518BB00A7154E /* main.m */ = {isa = PBXFileReference; lastKnownFileType = sourcecode.c.objc; path = main.m; sourceTree = "<group>"; };
		DAB8890D1A2518BB00A7154E /* AppDelegate.h */ = {isa = PBXFileReference; lastKnownFileType = sourcecode.c.h; path = AppDelegate.h; sourceTree = "<group>"; };
		DAB8890E1A2518BB00A7154E /* AppDelegate.m */ = {isa = PBXFileReference; lastKnownFileType = sourcecode.c.objc; path = AppDelegate.m; sourceTree = "<group>"; };
		DAB889101A2518BB00A7154E /* ViewController.h */ = {isa = PBXFileReference; lastKnownFileType = sourcecode.c.h; path = ViewController.h; sourceTree = "<group>"; };
		DAB889111A2518BB00A7154E /* ViewController.m */ = {isa = PBXFileReference; lastKnownFileType = sourcecode.c.objc; path = ViewController.m; sourceTree = "<group>"; };
		DAB889141A2518BB00A7154E /* Base */ = {isa = PBXFileReference; lastKnownFileType = file.storyboard; name = Base; path = Base.lproj/Main.storyboard; sourceTree = "<group>"; };
		DAB889161A2518BB00A7154E /* Images.xcassets */ = {isa = PBXFileReference; lastKnownFileType = folder.assetcatalog; path = Images.xcassets; sourceTree = "<group>"; };
		DAB889191A2518BB00A7154E /* Base */ = {isa = PBXFileReference; lastKnownFileType = file.xib; name = Base; path = Base.lproj/LaunchScreen.xib; sourceTree = "<group>"; };
		DAB8892F1A251A8F00A7154E /* GalleryController.h */ = {isa = PBXFileReference; fileEncoding = 4; lastKnownFileType = sourcecode.c.h; path = GalleryController.h; sourceTree = "<group>"; };
		DAB889301A251A8F00A7154E /* GalleryController.m */ = {isa = PBXFileReference; fileEncoding = 4; lastKnownFileType = sourcecode.c.objc; path = GalleryController.m; sourceTree = "<group>"; };
		DAB889321A251ABA00A7154E /* Router.h */ = {isa = PBXFileReference; fileEncoding = 4; lastKnownFileType = sourcecode.c.h; path = Router.h; sourceTree = "<group>"; };
		DAB889331A251ABA00A7154E /* Router.m */ = {isa = PBXFileReference; fileEncoding = 4; lastKnownFileType = sourcecode.c.objc; path = Router.m; sourceTree = "<group>"; };
		DAB889351A251EB900A7154E /* NavigationController.h */ = {isa = PBXFileReference; fileEncoding = 4; lastKnownFileType = sourcecode.c.h; path = NavigationController.h; sourceTree = "<group>"; };
		DAB889361A251EB900A7154E /* NavigationController.m */ = {isa = PBXFileReference; fileEncoding = 4; lastKnownFileType = sourcecode.c.objc; path = NavigationController.m; sourceTree = "<group>"; };
		DAB889381A25206400A7154E /* PFRegalTextPro-RegularB_35471.ttf */ = {isa = PBXFileReference; lastKnownFileType = file; path = "PFRegalTextPro-RegularB_35471.ttf"; sourceTree = "<group>"; };
		DAB8893A1A2520EE00A7154E /* UIFont+MeduzaFonts.h */ = {isa = PBXFileReference; fileEncoding = 4; lastKnownFileType = sourcecode.c.h; path = "UIFont+MeduzaFonts.h"; sourceTree = "<group>"; };
		DAB8893B1A2520EE00A7154E /* UIFont+MeduzaFonts.m */ = {isa = PBXFileReference; fileEncoding = 4; lastKnownFileType = sourcecode.c.objc; path = "UIFont+MeduzaFonts.m"; sourceTree = "<group>"; };
		DAB8894A1A2536AA00A7154E /* ZoomableImageView.h */ = {isa = PBXFileReference; fileEncoding = 4; lastKnownFileType = sourcecode.c.h; path = ZoomableImageView.h; sourceTree = "<group>"; };
		DAB8894B1A2536AA00A7154E /* ZoomableImageView.m */ = {isa = PBXFileReference; fileEncoding = 4; lastKnownFileType = sourcecode.c.objc; path = ZoomableImageView.m; sourceTree = "<group>"; };
		DAB8894D1A2536FA00A7154E /* ZoomableScrollView.h */ = {isa = PBXFileReference; fileEncoding = 4; lastKnownFileType = sourcecode.c.h; path = ZoomableScrollView.h; sourceTree = "<group>"; };
		DAB8894E1A2536FA00A7154E /* ZoomableScrollView.m */ = {isa = PBXFileReference; fileEncoding = 4; lastKnownFileType = sourcecode.c.objc; path = ZoomableScrollView.m; sourceTree = "<group>"; };
		DAB889521A26E6FD00A7154E /* ZoomableImageView.xib */ = {isa = PBXFileReference; fileEncoding = 4; lastKnownFileType = file.xib; path = ZoomableImageView.xib; sourceTree = "<group>"; };
/* End PBXFileReference section */

/* Begin PBXFrameworksBuildPhase section */
		DAB889031A2518BB00A7154E /* Frameworks */ = {
			isa = PBXFrameworksBuildPhase;
			buildActionMask = 2147483647;
			files = (
				73C80B0DFA1A94B21ACD7F57 /* libPods.a in Frameworks */,
			);
			runOnlyForDeploymentPostprocessing = 0;
		};
/* End PBXFrameworksBuildPhase section */

/* Begin PBXGroup section */
		050B48AB59A76A653EEC556F /* Frameworks */ = {
			isa = PBXGroup;
			children = (
				C893C683849B8CD63A22F7DE /* libPods.a */,
			);
			name = Frameworks;
			sourceTree = "<group>";
		};
		5142F86E9F2AF1B11F81A208 /* Pods */ = {
			isa = PBXGroup;
			children = (
				6DD0D775A3367A47BA5536FF /* Pods.debug.xcconfig */,
				A38414955B457F85B05E6629 /* Pods.release.xcconfig */,
			);
			name = Pods;
			sourceTree = "<group>";
		};
		DAB888FD1A2518BB00A7154E = {
			isa = PBXGroup;
			children = (
				DAB889081A2518BB00A7154E /* PhotoGallery */,
				DAB889071A2518BB00A7154E /* Products */,
				5142F86E9F2AF1B11F81A208 /* Pods */,
				050B48AB59A76A653EEC556F /* Frameworks */,
			);
			sourceTree = "<group>";
		};
		DAB889071A2518BB00A7154E /* Products */ = {
			isa = PBXGroup;
			children = (
				DAB889061A2518BB00A7154E /* PhotoGallery.app */,
			);
			name = Products;
			sourceTree = "<group>";
		};
		DAB889081A2518BB00A7154E /* PhotoGallery */ = {
			isa = PBXGroup;
			children = (
				DAB8890D1A2518BB00A7154E /* AppDelegate.h */,
				DAB8890E1A2518BB00A7154E /* AppDelegate.m */,
				DAB889501A2669EB00A7154E /* Controllers */,
				DAB889161A2518BB00A7154E /* Images.xcassets */,
				DAB889181A2518BB00A7154E /* LaunchScreen.xib */,
				DAB889131A2518BB00A7154E /* Main.storyboard */,
				DAB889091A2518BB00A7154E /* Supporting Files */,
				DAB889321A251ABA00A7154E /* Router.h */,
				DAB889331A251ABA00A7154E /* Router.m */,
				DAB8893A1A2520EE00A7154E /* UIFont+MeduzaFonts.h */,
				DAB8893B1A2520EE00A7154E /* UIFont+MeduzaFonts.m */,
				DAB889511A2669F800A7154E /* Views */,
			);
			path = PhotoGallery;
			sourceTree = "<group>";
		};
		DAB889091A2518BB00A7154E /* Supporting Files */ = {
			isa = PBXGroup;
			children = (
				DAB889381A25206400A7154E /* PFRegalTextPro-RegularB_35471.ttf */,
				DAB8890A1A2518BB00A7154E /* Info.plist */,
				DAB8890B1A2518BB00A7154E /* main.m */,
			);
			name = "Supporting Files";
			sourceTree = "<group>";
		};
		DAB889501A2669EB00A7154E /* Controllers */ = {
			isa = PBXGroup;
			children = (
				DAB8892F1A251A8F00A7154E /* GalleryController.h */,
				DAB889301A251A8F00A7154E /* GalleryController.m */,
				DAB889101A2518BB00A7154E /* ViewController.h */,
				DAB889111A2518BB00A7154E /* ViewController.m */,
				DAB889351A251EB900A7154E /* NavigationController.h */,
				DAB889361A251EB900A7154E /* NavigationController.m */,
			);
			name = Controllers;
			sourceTree = "<group>";
		};
		DAB889511A2669F800A7154E /* Views */ = {
			isa = PBXGroup;
			children = (
				DAB8894A1A2536AA00A7154E /* ZoomableImageView.h */,
				DAB8894B1A2536AA00A7154E /* ZoomableImageView.m */,
				DAB8894D1A2536FA00A7154E /* ZoomableScrollView.h */,
				DAB8894E1A2536FA00A7154E /* ZoomableScrollView.m */,
				DAB889521A26E6FD00A7154E /* ZoomableImageView.xib */,
			);
			name = Views;
			sourceTree = "<group>";
		};
/* End PBXGroup section */

/* Begin PBXNativeTarget section */
		DAB889051A2518BB00A7154E /* PhotoGallery */ = {
			isa = PBXNativeTarget;
			buildConfigurationList = DAB889291A2518BB00A7154E /* Build configuration list for PBXNativeTarget "PhotoGallery" */;
			buildPhases = (
				B080218675FF35EB60DF2566 /* Check Pods Manifest.lock */,
				DAB889021A2518BB00A7154E /* Sources */,
				DAB889031A2518BB00A7154E /* Frameworks */,
				DAB889041A2518BB00A7154E /* Resources */,
				ACCC08B6D010B1E4DCFE3499 /* Copy Pods Resources */,
			);
			buildRules = (
			);
			dependencies = (
			);
			name = PhotoGallery;
			productName = PhotoGallery;
			productReference = DAB889061A2518BB00A7154E /* PhotoGallery.app */;
			productType = "com.apple.product-type.application";
		};
/* End PBXNativeTarget section */

/* Begin PBXProject section */
		DAB888FE1A2518BB00A7154E /* Project object */ = {
			isa = PBXProject;
			attributes = {
				LastUpgradeCheck = 0600;
				ORGANIZATIONNAME = aiwo;
				TargetAttributes = {
					DAB889051A2518BB00A7154E = {
						CreatedOnToolsVersion = 6.0.1;
					};
				};
			};
			buildConfigurationList = DAB889011A2518BB00A7154E /* Build configuration list for PBXProject "PhotoGallery" */;
			compatibilityVersion = "Xcode 3.2";
			developmentRegion = English;
			hasScannedForEncodings = 0;
			knownRegions = (
				en,
				Base,
			);
			mainGroup = DAB888FD1A2518BB00A7154E;
			productRefGroup = DAB889071A2518BB00A7154E /* Products */;
			projectDirPath = "";
			projectRoot = "";
			targets = (
				DAB889051A2518BB00A7154E /* PhotoGallery */,
			);
		};
/* End PBXProject section */

/* Begin PBXResourcesBuildPhase section */
		DAB889041A2518BB00A7154E /* Resources */ = {
			isa = PBXResourcesBuildPhase;
			buildActionMask = 2147483647;
			files = (
				DAB889391A25206400A7154E /* PFRegalTextPro-RegularB_35471.ttf in Resources */,
				DAB889531A26E6FD00A7154E /* ZoomableImageView.xib in Resources */,
				DAB889151A2518BB00A7154E /* Main.storyboard in Resources */,
				DAB8891A1A2518BB00A7154E /* LaunchScreen.xib in Resources */,
				DAB889171A2518BB00A7154E /* Images.xcassets in Resources */,
			);
			runOnlyForDeploymentPostprocessing = 0;
		};
/* End PBXResourcesBuildPhase section */

/* Begin PBXShellScriptBuildPhase section */
		ACCC08B6D010B1E4DCFE3499 /* Copy Pods Resources */ = {
			isa = PBXShellScriptBuildPhase;
			buildActionMask = 2147483647;
			files = (
			);
			inputPaths = (
			);
			name = "Copy Pods Resources";
			outputPaths = (
			);
			runOnlyForDeploymentPostprocessing = 0;
			shellPath = /bin/sh;
			shellScript = "\"${SRCROOT}/Pods/Target Support Files/Pods/Pods-resources.sh\"\n";
			showEnvVarsInLog = 0;
		};
		B080218675FF35EB60DF2566 /* Check Pods Manifest.lock */ = {
			isa = PBXShellScriptBuildPhase;
			buildActionMask = 2147483647;
			files = (
			);
			inputPaths = (
			);
			name = "Check Pods Manifest.lock";
			outputPaths = (
			);
			runOnlyForDeploymentPostprocessing = 0;
			shellPath = /bin/sh;
			shellScript = "diff \"${PODS_ROOT}/../Podfile.lock\" \"${PODS_ROOT}/Manifest.lock\" > /dev/null\nif [[ $? != 0 ]] ; then\n    cat << EOM\nerror: The sandbox is not in sync with the Podfile.lock. Run 'pod install' or update your CocoaPods installation.\nEOM\n    exit 1\nfi\n";
			showEnvVarsInLog = 0;
		};
/* End PBXShellScriptBuildPhase section */

/* Begin PBXSourcesBuildPhase section */
		DAB889021A2518BB00A7154E /* Sources */ = {
			isa = PBXSourcesBuildPhase;
			buildActionMask = 2147483647;
			files = (
				DAB8894F1A2536FA00A7154E /* ZoomableScrollView.m in Sources */,
				DAB8893C1A2520EE00A7154E /* UIFont+MeduzaFonts.m in Sources */,
				DAB889121A2518BB00A7154E /* ViewController.m in Sources */,
				DAB8890F1A2518BB00A7154E /* AppDelegate.m in Sources */,
				DAB889311A251A8F00A7154E /* GalleryController.m in Sources */,
				DAB889371A251EB900A7154E /* NavigationController.m in Sources */,
				DAB8894C1A2536AA00A7154E /* ZoomableImageView.m in Sources */,
				DAB8890C1A2518BB00A7154E /* main.m in Sources */,
				DAB889341A251ABA00A7154E /* Router.m in Sources */,
			);
			runOnlyForDeploymentPostprocessing = 0;
		};
/* End PBXSourcesBuildPhase section */

/* Begin PBXVariantGroup section */
		DAB889131A2518BB00A7154E /* Main.storyboard */ = {
			isa = PBXVariantGroup;
			children = (
				DAB889141A2518BB00A7154E /* Base */,
			);
			name = Main.storyboard;
			sourceTree = "<group>";
		};
		DAB889181A2518BB00A7154E /* LaunchScreen.xib */ = {
			isa = PBXVariantGroup;
			children = (
				DAB889191A2518BB00A7154E /* Base */,
			);
			name = LaunchScreen.xib;
			sourceTree = "<group>";
		};
/* End PBXVariantGroup section */

/* Begin XCBuildConfiguration section */
		DAB889271A2518BB00A7154E /* Debug */ = {
			isa = XCBuildConfiguration;
			buildSettings = {
				ALWAYS_SEARCH_USER_PATHS = NO;
				CLANG_CXX_LANGUAGE_STANDARD = "gnu++0x";
				CLANG_CXX_LIBRARY = "libc++";
				CLANG_ENABLE_MODULES = YES;
				CLANG_ENABLE_OBJC_ARC = YES;
				CLANG_WARN_BOOL_CONVERSION = YES;
				CLANG_WARN_CONSTANT_CONVERSION = YES;
				CLANG_WARN_DIRECT_OBJC_ISA_USAGE = YES_ERROR;
				CLANG_WARN_EMPTY_BODY = YES;
				CLANG_WARN_ENUM_CONVERSION = YES;
				CLANG_WARN_INT_CONVERSION = YES;
				CLANG_WARN_OBJC_ROOT_CLASS = YES_ERROR;
				CLANG_WARN_UNREACHABLE_CODE = YES;
				CLANG_WARN__DUPLICATE_METHOD_MATCH = YES;
				"CODE_SIGN_IDENTITY[sdk=iphoneos*]" = "iPhone Developer";
				COPY_PHASE_STRIP = NO;
				ENABLE_STRICT_OBJC_MSGSEND = YES;
				GCC_C_LANGUAGE_STANDARD = gnu99;
				GCC_DYNAMIC_NO_PIC = NO;
				GCC_OPTIMIZATION_LEVEL = 0;
				GCC_PREPROCESSOR_DEFINITIONS = (
					"DEBUG=1",
					"$(inherited)",
				);
				GCC_SYMBOLS_PRIVATE_EXTERN = NO;
				GCC_WARN_64_TO_32_BIT_CONVERSION = YES;
				GCC_WARN_ABOUT_RETURN_TYPE = YES_ERROR;
				GCC_WARN_UNDECLARED_SELECTOR = YES;
				GCC_WARN_UNINITIALIZED_AUTOS = YES_AGGRESSIVE;
				GCC_WARN_UNUSED_FUNCTION = YES;
				GCC_WARN_UNUSED_VARIABLE = YES;
				IPHONEOS_DEPLOYMENT_TARGET = 8.0;
				MTL_ENABLE_DEBUG_INFO = YES;
				ONLY_ACTIVE_ARCH = YES;
				SDKROOT = iphoneos;
			};
			name = Debug;
		};
		DAB889281A2518BB00A7154E /* Release */ = {
			isa = XCBuildConfiguration;
			buildSettings = {
				ALWAYS_SEARCH_USER_PATHS = NO;
				CLANG_CXX_LANGUAGE_STANDARD = "gnu++0x";
				CLANG_CXX_LIBRARY = "libc++";
				CLANG_ENABLE_MODULES = YES;
				CLANG_ENABLE_OBJC_ARC = YES;
				CLANG_WARN_BOOL_CONVERSION = YES;
				CLANG_WARN_CONSTANT_CONVERSION = YES;
				CLANG_WARN_DIRECT_OBJC_ISA_USAGE = YES_ERROR;
				CLANG_WARN_EMPTY_BODY = YES;
				CLANG_WARN_ENUM_CONVERSION = YES;
				CLANG_WARN_INT_CONVERSION = YES;
				CLANG_WARN_OBJC_ROOT_CLASS = YES_ERROR;
				CLANG_WARN_UNREACHABLE_CODE = YES;
				CLANG_WARN__DUPLICATE_METHOD_MATCH = YES;
				"CODE_SIGN_IDENTITY[sdk=iphoneos*]" = "iPhone Developer";
				COPY_PHASE_STRIP = YES;
				ENABLE_NS_ASSERTIONS = NO;
				ENABLE_STRICT_OBJC_MSGSEND = YES;
				GCC_C_LANGUAGE_STANDARD = gnu99;
				GCC_WARN_64_TO_32_BIT_CONVERSION = YES;
				GCC_WARN_ABOUT_RETURN_TYPE = YES_ERROR;
				GCC_WARN_UNDECLARED_SELECTOR = YES;
				GCC_WARN_UNINITIALIZED_AUTOS = YES_AGGRESSIVE;
				GCC_WARN_UNUSED_FUNCTION = YES;
				GCC_WARN_UNUSED_VARIABLE = YES;
				IPHONEOS_DEPLOYMENT_TARGET = 8.0;
				MTL_ENABLE_DEBUG_INFO = NO;
				SDKROOT = iphoneos;
				VALIDATE_PRODUCT = YES;
			};
			name = Release;
		};
		DAB8892A1A2518BB00A7154E /* Debug */ = {
			isa = XCBuildConfiguration;
			baseConfigurationReference = 6DD0D775A3367A47BA5536FF /* Pods.debug.xcconfig */;
			buildSettings = {
				ASSETCATALOG_COMPILER_APPICON_NAME = AppIcon;
				INFOPLIST_FILE = PhotoGallery/Info.plist;
				IPHONEOS_DEPLOYMENT_TARGET = 7.1;
				LD_RUNPATH_SEARCH_PATHS = "$(inherited) @executable_path/Frameworks";
				PRODUCT_NAME = "$(TARGET_NAME)";
			};
			name = Debug;
		};
		DAB8892B1A2518BB00A7154E /* Release */ = {
			isa = XCBuildConfiguration;
			baseConfigurationReference = A38414955B457F85B05E6629 /* Pods.release.xcconfig */;
			buildSettings = {
				ASSETCATALOG_COMPILER_APPICON_NAME = AppIcon;
				INFOPLIST_FILE = PhotoGallery/Info.plist;
				IPHONEOS_DEPLOYMENT_TARGET = 7.1;
				LD_RUNPATH_SEARCH_PATHS = "$(inherited) @executable_path/Frameworks";
				PRODUCT_NAME = "$(TARGET_NAME)";
			};
			name = Release;
		};
/* End XCBuildConfiguration section */

/* Begin XCConfigurationList section */
		DAB889011A2518BB00A7154E /* Build configuration list for PBXProject "PhotoGallery" */ = {
			isa = XCConfigurationList;
			buildConfigurations = (
				DAB889271A2518BB00A7154E /* Debug */,
				DAB889281A2518BB00A7154E /* Release */,
			);
			defaultConfigurationIsVisible = 0;
			defaultConfigurationName = Release;
		};
		DAB889291A2518BB00A7154E /* Build configuration list for PBXNativeTarget "PhotoGallery" */ = {
			isa = XCConfigurationList;
			buildConfigurations = (
				DAB8892A1A2518BB00A7154E /* Debug */,
				DAB8892B1A2518BB00A7154E /* Release */,
			);
			defaultConfigurationIsVisible = 0;
			defaultConfigurationName = Release;
		};
/* End XCConfigurationList section */
	};
	rootObject = DAB888FE1A2518BB00A7154E /* Project object */;
}
